
Microsoft Visual Studio Solution File, Format Version 12.00
# Visual Studio Version 17
VisualStudioVersion = 17.0.31903.59
MinimumVisualStudioVersion = 10.0.40219.1
Project("{FAE04EC0-301F-11D3-BF4B-00C04F79EFBC}") = "SmoothOperator", "SmoothOperator\SmoothOperator.csproj", "{09E437C8-0364-4627-8D0C-A8D678944A5C}"
EndProject
Project("{FAE04EC0-301F-11D3-BF4B-00C04F79EFBC}") = "VariousOperators", "VariousOperators\VariousOperators.csproj", "{317E08DD-68D9-4213-8D34-F3C7F5D94590}"
EndProject
Project("{FAE04EC0-301F-11D3-BF4B-00C04F79EFBC}") = "Cilindro", "Cilindro\Cilindro.csproj", "{0C57BDC1-43CA-45E1-83BE-F0EA05469C4B}"
EndProject
Project("{FAE04EC0-301F-11D3-BF4B-00C04F79EFBC}") = "ValoresEspeciais", "ValoresEspeciais\ValoresEspeciais.csproj", "{7FA7E962-3B2A-4F9E-ACB7-5337BA4AC2F1}"
EndProject
Project("{FAE04EC0-301F-11D3-BF4B-00C04F79EFBC}") = "IfExample", "IfExample\IfExample.csproj", "{3F7E6608-6CD4-4C43-BF09-C56EE4773353}"
EndProject
Project("{FAE04EC0-301F-11D3-BF4B-00C04F79EFBC}") = "ChatGPTZero", "ChatGPTZero\ChatGPTZero.csproj", "{36464093-B762-493F-B7BE-D1371FAB63A9}"
EndProject
Project("{FAE04EC0-301F-11D3-BF4B-00C04F79EFBC}") = "BreakContinue", "BreakContinue\BreakContinue.csproj", "{65799881-4620-4291-8AAC-AD470FF1144A}"
EndProject
Project("{FAE04EC0-301F-11D3-BF4B-00C04F79EFBC}") = "ChatGPTOne", "ChatGPTOne\ChatGPTOne.csproj", "{060C60A3-E543-4ACF-B4ED-1CAC6946807C}"
EndProject
Global
	GlobalSection(SolutionConfigurationPlatforms) = preSolution
		Debug|Any CPU = Debug|Any CPU
		Release|Any CPU = Release|Any CPU
	EndGlobalSection
	GlobalSection(SolutionProperties) = preSolution
		HideSolutionNode = FALSE
	EndGlobalSection
	GlobalSection(ProjectConfigurationPlatforms) = postSolution
		{09E437C8-0364-4627-8D0C-A8D678944A5C}.Debug|Any CPU.ActiveCfg = Debug|Any CPU
		{09E437C8-0364-4627-8D0C-A8D678944A5C}.Debug|Any CPU.Build.0 = Debug|Any CPU
		{09E437C8-0364-4627-8D0C-A8D678944A5C}.Release|Any CPU.ActiveCfg = Release|Any CPU
		{09E437C8-0364-4627-8D0C-A8D678944A5C}.Release|Any CPU.Build.0 = Release|Any CPU
		{317E08DD-68D9-4213-8D34-F3C7F5D94590}.Debug|Any CPU.ActiveCfg = Debug|Any CPU
		{317E08DD-68D9-4213-8D34-F3C7F5D94590}.Debug|Any CPU.Build.0 = Debug|Any CPU
		{317E08DD-68D9-4213-8D34-F3C7F5D94590}.Release|Any CPU.ActiveCfg = Release|Any CPU
		{317E08DD-68D9-4213-8D34-F3C7F5D94590}.Release|Any CPU.Build.0 = Release|Any CPU
		{0C57BDC1-43CA-45E1-83BE-F0EA05469C4B}.Debug|Any CPU.ActiveCfg = Debug|Any CPU
		{0C57BDC1-43CA-45E1-83BE-F0EA05469C4B}.Debug|Any CPU.Build.0 = Debug|Any CPU
		{0C57BDC1-43CA-45E1-83BE-F0EA05469C4B}.Release|Any CPU.ActiveCfg = Release|Any CPU
		{0C57BDC1-43CA-45E1-83BE-F0EA05469C4B}.Release|Any CPU.Build.0 = Release|Any CPU
		{7FA7E962-3B2A-4F9E-ACB7-5337BA4AC2F1}.Debug|Any CPU.ActiveCfg = Debug|Any CPU
		{7FA7E962-3B2A-4F9E-ACB7-5337BA4AC2F1}.Debug|Any CPU.Build.0 = Debug|Any CPU
		{7FA7E962-3B2A-4F9E-ACB7-5337BA4AC2F1}.Release|Any CPU.ActiveCfg = Release|Any CPU
		{7FA7E962-3B2A-4F9E-ACB7-5337BA4AC2F1}.Release|Any CPU.Build.0 = Release|Any CPU
		{3F7E6608-6CD4-4C43-BF09-C56EE4773353}.Debug|Any CPU.ActiveCfg = Debug|Any CPU
		{3F7E6608-6CD4-4C43-BF09-C56EE4773353}.Debug|Any CPU.Build.0 = Debug|Any CPU
		{3F7E6608-6CD4-4C43-BF09-C56EE4773353}.Release|Any CPU.ActiveCfg = Release|Any CPU
		{3F7E6608-6CD4-4C43-BF09-C56EE4773353}.Release|Any CPU.Build.0 = Release|Any CPU
		{36464093-B762-493F-B7BE-D1371FAB63A9}.Debug|Any CPU.ActiveCfg = Debug|Any CPU
		{36464093-B762-493F-B7BE-D1371FAB63A9}.Debug|Any CPU.Build.0 = Debug|Any CPU
		{36464093-B762-493F-B7BE-D1371FAB63A9}.Release|Any CPU.ActiveCfg = Release|Any CPU
		{36464093-B762-493F-B7BE-D1371FAB63A9}.Release|Any CPU.Build.0 = Release|Any CPU
		{65799881-4620-4291-8AAC-AD470FF1144A}.Debug|Any CPU.ActiveCfg = Debug|Any CPU
		{65799881-4620-4291-8AAC-AD470FF1144A}.Debug|Any CPU.Build.0 = Debug|Any CPU
		{65799881-4620-4291-8AAC-AD470FF1144A}.Release|Any CPU.ActiveCfg = Release|Any CPU
		{65799881-4620-4291-8AAC-AD470FF1144A}.Release|Any CPU.Build.0 = Release|Any CPU
		{060C60A3-E543-4ACF-B4ED-1CAC6946807C}.Debug|Any CPU.ActiveCfg = Debug|Any CPU
		{060C60A3-E543-4ACF-B4ED-1CAC6946807C}.Debug|Any CPU.Build.0 = Debug|Any CPU
		{060C60A3-E543-4ACF-B4ED-1CAC6946807C}.Release|Any CPU.ActiveCfg = Release|Any CPU
		{060C60A3-E543-4ACF-B4ED-1CAC6946807C}.Release|Any CPU.Build.0 = Release|Any CPU
	EndGlobalSection
EndGlobal
